// !$*UTF8*$!
{
	archiveVersion = 1;
	classes = {
	};
	objectVersion = 46;
	objects = {

/* Begin PBXBuildFile section */
		2F9FAF145BDA2FA11D07430D /* Pods_TodoApp.framework in Frameworks */ = {isa = PBXBuildFile; fileRef = B770F5F752A1EEC5A4EC49BC /* Pods_TodoApp.framework */; };
		7936715E1E4F7FD800870EDF /* FirebaseManager.swift in Sources */ = {isa = PBXBuildFile; fileRef = 7936715D1E4F7FD800870EDF /* FirebaseManager.swift */; };
		793671601E5259D200870EDF /* TodoManager.swift in Sources */ = {isa = PBXBuildFile; fileRef = 7936715F1E5259D200870EDF /* TodoManager.swift */; };
		797784041E4160AA00D51C09 /* AppDelegate.swift in Sources */ = {isa = PBXBuildFile; fileRef = 797784031E4160AA00D51C09 /* AppDelegate.swift */; };
		797784061E4160AA00D51C09 /* ViewController.swift in Sources */ = {isa = PBXBuildFile; fileRef = 797784051E4160AA00D51C09 /* ViewController.swift */; };
		797784091E4160AB00D51C09 /* Main.storyboard in Resources */ = {isa = PBXBuildFile; fileRef = 797784071E4160AB00D51C09 /* Main.storyboard */; };
		7977840B1E4160AB00D51C09 /* Assets.xcassets in Resources */ = {isa = PBXBuildFile; fileRef = 7977840A1E4160AB00D51C09 /* Assets.xcassets */; };
		7977840E1E4160AB00D51C09 /* LaunchScreen.storyboard in Resources */ = {isa = PBXBuildFile; fileRef = 7977840C1E4160AB00D51C09 /* LaunchScreen.storyboard */; };
		797784161E41688800D51C09 /* CustomTableViewCell.swift in Sources */ = {isa = PBXBuildFile; fileRef = 797784151E41688800D51C09 /* CustomTableViewCell.swift */; };
		797784181E41708500D51C09 /* ViewControllerDetail.swift in Sources */ = {isa = PBXBuildFile; fileRef = 797784171E41708500D51C09 /* ViewControllerDetail.swift */; };
		7977841A1E41832500D51C09 /* ViewControllerAdd.swift in Sources */ = {isa = PBXBuildFile; fileRef = 797784191E41832500D51C09 /* ViewControllerAdd.swift */; };
		79CC87021E4E855100DA5598 /* GoogleService-Info.plist in Resources */ = {isa = PBXBuildFile; fileRef = 79CC87011E4E855100DA5598 /* GoogleService-Info.plist */; };
/* End PBXBuildFile section */

/* Begin PBXFileReference section */
		2C7CF601E6CEAE1884A31C9D /* Pods-TodoApp.release.xcconfig */ = {isa = PBXFileReference; includeInIndex = 1; lastKnownFileType = text.xcconfig; name = "Pods-TodoApp.release.xcconfig"; path = "Pods/Target Support Files/Pods-TodoApp/Pods-TodoApp.release.xcconfig"; sourceTree = "<group>"; };
		7936715D1E4F7FD800870EDF /* FirebaseManager.swift */ = {isa = PBXFileReference; fileEncoding = 4; lastKnownFileType = sourcecode.swift; path = FirebaseManager.swift; sourceTree = "<group>"; };
		7936715F1E5259D200870EDF /* TodoManager.swift */ = {isa = PBXFileReference; fileEncoding = 4; lastKnownFileType = sourcecode.swift; path = TodoManager.swift; sourceTree = "<group>"; };
		797784001E4160AA00D51C09 /* TodoApp.app */ = {isa = PBXFileReference; explicitFileType = wrapper.application; includeInIndex = 0; path = TodoApp.app; sourceTree = BUILT_PRODUCTS_DIR; };
		797784031E4160AA00D51C09 /* AppDelegate.swift */ = {isa = PBXFileReference; lastKnownFileType = sourcecode.swift; path = AppDelegate.swift; sourceTree = "<group>"; };
		797784051E4160AA00D51C09 /* ViewController.swift */ = {isa = PBXFileReference; lastKnownFileType = sourcecode.swift; path = ViewController.swift; sourceTree = "<group>"; };
		797784081E4160AB00D51C09 /* Base */ = {isa = PBXFileReference; lastKnownFileType = file.storyboard; name = Base; path = Base.lproj/Main.storyboard; sourceTree = "<group>"; };
		7977840A1E4160AB00D51C09 /* Assets.xcassets */ = {isa = PBXFileReference; lastKnownFileType = folder.assetcatalog; path = Assets.xcassets; sourceTree = "<group>"; };
		7977840D1E4160AB00D51C09 /* Base */ = {isa = PBXFileReference; lastKnownFileType = file.storyboard; name = Base; path = Base.lproj/LaunchScreen.storyboard; sourceTree = "<group>"; };
		7977840F1E4160AB00D51C09 /* Info.plist */ = {isa = PBXFileReference; lastKnownFileType = text.plist.xml; path = Info.plist; sourceTree = "<group>"; };
		797784151E41688800D51C09 /* CustomTableViewCell.swift */ = {isa = PBXFileReference; fileEncoding = 4; lastKnownFileType = sourcecode.swift; path = CustomTableViewCell.swift; sourceTree = "<group>"; };
		797784171E41708500D51C09 /* ViewControllerDetail.swift */ = {isa = PBXFileReference; fileEncoding = 4; lastKnownFileType = sourcecode.swift; path = ViewControllerDetail.swift; sourceTree = "<group>"; };
		797784191E41832500D51C09 /* ViewControllerAdd.swift */ = {isa = PBXFileReference; fileEncoding = 4; lastKnownFileType = sourcecode.swift; path = ViewControllerAdd.swift; sourceTree = "<group>"; };
		79CC87011E4E855100DA5598 /* GoogleService-Info.plist */ = {isa = PBXFileReference; fileEncoding = 4; lastKnownFileType = text.plist.xml; name = "GoogleService-Info.plist"; path = "../../../../../../Downloads/GoogleService-Info.plist"; sourceTree = "<group>"; };
		B147FC3647A2172EAEDD44B9 /* Pods-TodoApp.debug.xcconfig */ = {isa = PBXFileReference; includeInIndex = 1; lastKnownFileType = text.xcconfig; name = "Pods-TodoApp.debug.xcconfig"; path = "Pods/Target Support Files/Pods-TodoApp/Pods-TodoApp.debug.xcconfig"; sourceTree = "<group>"; };
		B770F5F752A1EEC5A4EC49BC /* Pods_TodoApp.framework */ = {isa = PBXFileReference; explicitFileType = wrapper.framework; includeInIndex = 0; path = Pods_TodoApp.framework; sourceTree = BUILT_PRODUCTS_DIR; };
/* End PBXFileReference section */

/* Begin PBXFrameworksBuildPhase section */
		797783FD1E4160AA00D51C09 /* Frameworks */ = {
			isa = PBXFrameworksBuildPhase;
			buildActionMask = 2147483647;
			files = (
				2F9FAF145BDA2FA11D07430D /* Pods_TodoApp.framework in Frameworks */,
			);
			runOnlyForDeploymentPostprocessing = 0;
		};
/* End PBXFrameworksBuildPhase section */

/* Begin PBXGroup section */
		5F9872AA27B6983C7D94A63F /* Pods */ = {
			isa = PBXGroup;
			children = (
				B147FC3647A2172EAEDD44B9 /* Pods-TodoApp.debug.xcconfig */,
				2C7CF601E6CEAE1884A31C9D /* Pods-TodoApp.release.xcconfig */,
			);
			name = Pods;
			sourceTree = "<group>";
		};
		6821C401518ED17917864AC3 /* Frameworks */ = {
			isa = PBXGroup;
			children = (
				B770F5F752A1EEC5A4EC49BC /* Pods_TodoApp.framework */,
			);
			name = Frameworks;
			sourceTree = "<group>";
		};
		797783F71E4160AA00D51C09 = {
			isa = PBXGroup;
			children = (
				797784021E4160AA00D51C09 /* TodoApp */,
				797784011E4160AA00D51C09 /* Products */,
				5F9872AA27B6983C7D94A63F /* Pods */,
				6821C401518ED17917864AC3 /* Frameworks */,
			);
			sourceTree = "<group>";
		};
		797784011E4160AA00D51C09 /* Products */ = {
			isa = PBXGroup;
			children = (
				797784001E4160AA00D51C09 /* TodoApp.app */,
			);
			name = Products;
			sourceTree = "<group>";
		};
		797784021E4160AA00D51C09 /* TodoApp */ = {
			isa = PBXGroup;
			children = (
				79CC87011E4E855100DA5598 /* GoogleService-Info.plist */,
				797784031E4160AA00D51C09 /* AppDelegate.swift */,
				797784051E4160AA00D51C09 /* ViewController.swift */,
				797784071E4160AB00D51C09 /* Main.storyboard */,
				7977840A1E4160AB00D51C09 /* Assets.xcassets */,
				7977840C1E4160AB00D51C09 /* LaunchScreen.storyboard */,
				7977840F1E4160AB00D51C09 /* Info.plist */,
				797784151E41688800D51C09 /* CustomTableViewCell.swift */,
				797784171E41708500D51C09 /* ViewControllerDetail.swift */,
				797784191E41832500D51C09 /* ViewControllerAdd.swift */,
				7936715D1E4F7FD800870EDF /* FirebaseManager.swift */,
				7936715F1E5259D200870EDF /* TodoManager.swift */,
			);
			name = TodoApp;
			path = Week4A;
			sourceTree = "<group>";
		};
/* End PBXGroup section */

/* Begin PBXNativeTarget section */
		797783FF1E4160AA00D51C09 /* TodoApp */ = {
			isa = PBXNativeTarget;
			buildConfigurationList = 797784121E4160AB00D51C09 /* Build configuration list for PBXNativeTarget "TodoApp" */;
			buildPhases = (
				D19859F86D86DBB89FA19066 /* [CP] Check Pods Manifest.lock */,
				797783FC1E4160AA00D51C09 /* Sources */,
				797783FD1E4160AA00D51C09 /* Frameworks */,
				797783FE1E4160AA00D51C09 /* Resources */,
				3F5B8A81AE527EA13F79E7FD /* [CP] Embed Pods Frameworks */,
				2EEB6E5F037D8CED31856349 /* [CP] Copy Pods Resources */,
			);
			buildRules = (
			);
			dependencies = (
			);
			name = TodoApp;
			productName = Week4A;
			productReference = 797784001E4160AA00D51C09 /* TodoApp.app */;
			productType = "com.apple.product-type.application";
		};
/* End PBXNativeTarget section */

/* Begin PBXProject section */
		797783F81E4160AA00D51C09 /* Project object */ = {
			isa = PBXProject;
			attributes = {
				LastSwiftUpdateCheck = 0820;
				LastUpgradeCheck = 0820;
				ORGANIZATIONNAME = "Guilherme Morais";
				TargetAttributes = {
					797783FF1E4160AA00D51C09 = {
						CreatedOnToolsVersion = 8.2.1;
						DevelopmentTeam = 7TEBS3L99P;
						ProvisioningStyle = Automatic;
					};
				};
			};
			buildConfigurationList = 797783FB1E4160AA00D51C09 /* Build configuration list for PBXProject "TodoApp" */;
			compatibilityVersion = "Xcode 3.2";
			developmentRegion = English;
			hasScannedForEncodings = 0;
			knownRegions = (
				en,
				Base,
			);
			mainGroup = 797783F71E4160AA00D51C09;
			productRefGroup = 797784011E4160AA00D51C09 /* Products */;
			projectDirPath = "";
			projectRoot = "";
			targets = (
				797783FF1E4160AA00D51C09 /* TodoApp */,
			);
		};
/* End PBXProject section */

/* Begin PBXResourcesBuildPhase section */
		797783FE1E4160AA00D51C09 /* Resources */ = {
			isa = PBXResourcesBuildPhase;
			buildActionMask = 2147483647;
			files = (
				7977840E1E4160AB00D51C09 /* LaunchScreen.storyboard in Resources */,
				79CC87021E4E855100DA5598 /* GoogleService-Info.plist in Resources */,
				7977840B1E4160AB00D51C09 /* Assets.xcassets in Resources */,
				797784091E4160AB00D51C09 /* Main.storyboard in Resources */,
			);
			runOnlyForDeploymentPostprocessing = 0;
		};
/* End PBXResourcesBuildPhase section */

/* Begin PBXShellScriptBuildPhase section */
		2EEB6E5F037D8CED31856349 /* [CP] Copy Pods Resources */ = {
			isa = PBXShellScriptBuildPhase;
			buildActionMask = 2147483647;
			files = (
			);
			inputPaths = (
			);
			name = "[CP] Copy Pods Resources";
			outputPaths = (
			);
			runOnlyForDeploymentPostprocessing = 0;
			shellPath = /bin/sh;
			shellScript = "\"${SRCROOT}/Pods/Target Support Files/Pods-TodoApp/Pods-TodoApp-resources.sh\"\n";
			showEnvVarsInLog = 0;
		};
		3F5B8A81AE527EA13F79E7FD /* [CP] Embed Pods Frameworks */ = {
			isa = PBXShellScriptBuildPhase;
			buildActionMask = 2147483647;
			files = (
			);
			inputPaths = (
			);
			name = "[CP] Embed Pods Frameworks";
			outputPaths = (
			);
			runOnlyForDeploymentPostprocessing = 0;
			shellPath = /bin/sh;
			shellScript = "\"${SRCROOT}/Pods/Target Support Files/Pods-TodoApp/Pods-TodoApp-frameworks.sh\"\n";
			showEnvVarsInLog = 0;
		};
		D19859F86D86DBB89FA19066 /* [CP] Check Pods Manifest.lock */ = {
			isa = PBXShellScriptBuildPhase;
			buildActionMask = 2147483647;
			files = (
			);
			inputPaths = (
			);
			name = "[CP] Check Pods Manifest.lock";
			outputPaths = (
			);
			runOnlyForDeploymentPostprocessing = 0;
			shellPath = /bin/sh;
			shellScript = "diff \"${PODS_ROOT}/../Podfile.lock\" \"${PODS_ROOT}/Manifest.lock\" > /dev/null\nif [ $? != 0 ] ; then\n    # print error to STDERR\n    echo \"error: The sandbox is not in sync with the Podfile.lock. Run 'pod install' or update your CocoaPods installation.\" >&2\n    exit 1\nfi\n";
			showEnvVarsInLog = 0;
		};
/* End PBXShellScriptBuildPhase section */

/* Begin PBXSourcesBuildPhase section */
		797783FC1E4160AA00D51C09 /* Sources */ = {
			isa = PBXSourcesBuildPhase;
			buildActionMask = 2147483647;
			files = (
				7936715E1E4F7FD800870EDF /* FirebaseManager.swift in Sources */,
				7977841A1E41832500D51C09 /* ViewControllerAdd.swift in Sources */,
				797784161E41688800D51C09 /* CustomTableViewCell.swift in Sources */,
				797784061E4160AA00D51C09 /* ViewController.swift in Sources */,
				797784041E4160AA00D51C09 /* AppDelegate.swift in Sources */,
				797784181E41708500D51C09 /* ViewControllerDetail.swift in Sources */,
				793671601E5259D200870EDF /* TodoManager.swift in Sources */,
			);
			runOnlyForDeploymentPostprocessing = 0;
		};
/* End PBXSourcesBuildPhase section */

/* Begin PBXVariantGroup section */
		797784071E4160AB00D51C09 /* Main.storyboard */ = {
			isa = PBXVariantGroup;
			children = (
				797784081E4160AB00D51C09 /* Base */,
			);
			name = Main.storyboard;
			sourceTree = "<group>";
		};
		7977840C1E4160AB00D51C09 /* LaunchScreen.storyboard */ = {
			isa = PBXVariantGroup;
			children = (
				7977840D1E4160AB00D51C09 /* Base */,
			);
			name = LaunchScreen.storyboard;
			sourceTree = "<group>";
		};
/* End PBXVariantGroup section */

/* Begin XCBuildConfiguration section */
		797784101E4160AB00D51C09 /* Debug */ = {
			isa = XCBuildConfiguration;
			buildSettings = {
				ALWAYS_SEARCH_USER_PATHS = NO;
				CLANG_ANALYZER_NONNULL = YES;
				CLANG_CXX_LANGUAGE_STANDARD = "gnu++0x";
				CLANG_CXX_LIBRARY = "libc++";
				CLANG_ENABLE_MODULES = YES;
				CLANG_ENABLE_OBJC_ARC = YES;
				CLANG_WARN_BOOL_CONVERSION = YES;
				CLANG_WARN_CONSTANT_CONVERSION = YES;
				CLANG_WARN_DIRECT_OBJC_ISA_USAGE = YES_ERROR;
				CLANG_WARN_DOCUMENTATION_COMMENTS = YES;
				CLANG_WARN_EMPTY_BODY = YES;
				CLANG_WARN_ENUM_CONVERSION = YES;
				CLANG_WARN_INFINITE_RECURSION = YES;
				CLANG_WARN_INT_CONVERSION = YES;
				CLANG_WARN_OBJC_ROOT_CLASS = YES_ERROR;
				CLANG_WARN_SUSPICIOUS_MOVE = YES;
				CLANG_WARN_UNREACHABLE_CODE = YES;
				CLANG_WARN__DUPLICATE_METHOD_MATCH = YES;
				"CODE_SIGN_IDENTITY[sdk=iphoneos*]" = "iPhone Developer";
				COPY_PHASE_STRIP = NO;
				DEBUG_INFORMATION_FORMAT = dwarf;
				ENABLE_STRICT_OBJC_MSGSEND = YES;
				ENABLE_TESTABILITY = YES;
				GCC_C_LANGUAGE_STANDARD = gnu99;
				GCC_DYNAMIC_NO_PIC = NO;
				GCC_NO_COMMON_BLOCKS = YES;
				GCC_OPTIMIZATION_LEVEL = 0;
				GCC_PREPROCESSOR_DEFINITIONS = (
					"DEBUG=1",
					"$(inherited)",
				);
				GCC_WARN_64_TO_32_BIT_CONVERSION = YES;
				GCC_WARN_ABOUT_RETURN_TYPE = YES_ERROR;
				GCC_WARN_UNDECLARED_SELECTOR = YES;
				GCC_WARN_UNINITIALIZED_AUTOS = YES_AGGRESSIVE;
				GCC_WARN_UNUSED_FUNCTION = YES;
				GCC_WARN_UNUSED_VARIABLE = YES;
				IPHONEOS_DEPLOYMENT_TARGET = 10.2;
				MTL_ENABLE_DEBUG_INFO = YES;
				ONLY_ACTIVE_ARCH = YES;
				SDKROOT = iphoneos;
				SWIFT_ACTIVE_COMPILATION_CONDITIONS = DEBUG;
				SWIFT_OPTIMIZATION_LEVEL = "-Onone";
			};
			name = Debug;
		};
		797784111E4160AB00D51C09 /* Release */ = {
			isa = XCBuildConfiguration;
			buildSettings = {
				ALWAYS_SEARCH_USER_PATHS = NO;
				CLANG_ANALYZER_NONNULL = YES;
				CLANG_CXX_LANGUAGE_STANDARD = "gnu++0x";
				CLANG_CXX_LIBRARY = "libc++";
				CLANG_ENABLE_MODULES = YES;
				CLANG_ENABLE_OBJC_ARC = YES;
				CLANG_WARN_BOOL_CONVERSION = YES;
				CLANG_WARN_CONSTANT_CONVERSION = YES;
				CLANG_WARN_DIRECT_OBJC_ISA_USAGE = YES_ERROR;
				CLANG_WARN_DOCUMENTATION_COMMENTS = YES;
				CLANG_WARN_EMPTY_BODY = YES;
				CLANG_WARN_ENUM_CONVERSION = YES;
				CLANG_WARN_INFINITE_RECURSION = YES;
				CLANG_WARN_INT_CONVERSION = YES;
				CLANG_WARN_OBJC_ROOT_CLASS = YES_ERROR;
				CLANG_WARN_SUSPICIOUS_MOVE = YES;
				CLANG_WARN_UNREACHABLE_CODE = YES;
				CLANG_WARN__DUPLICATE_METHOD_MATCH = YES;
				"CODE_SIGN_IDENTITY[sdk=iphoneos*]" = "iPhone Developer";
				COPY_PHASE_STRIP = NO;
				DEBUG_INFORMATION_FORMAT = "dwarf-with-dsym";
				ENABLE_NS_ASSERTIONS = NO;
				ENABLE_STRICT_OBJC_MSGSEND = YES;
				GCC_C_LANGUAGE_STANDARD = gnu99;
				GCC_NO_COMMON_BLOCKS = YES;
				GCC_WARN_64_TO_32_BIT_CONVERSION = YES;
				GCC_WARN_ABOUT_RETURN_TYPE = YES_ERROR;
				GCC_WARN_UNDECLARED_SELECTOR = YES;
				GCC_WARN_UNINITIALIZED_AUTOS = YES_AGGRESSIVE;
				GCC_WARN_UNUSED_FUNCTION = YES;
				GCC_WARN_UNUSED_VARIABLE = YES;
				IPHONEOS_DEPLOYMENT_TARGET = 10.2;
				MTL_ENABLE_DEBUG_INFO = NO;
				SDKROOT = iphoneos;
				SWIFT_OPTIMIZATION_LEVEL = "-Owholemodule";
				VALIDATE_PRODUCT = YES;
			};
			name = Release;
		};
		797784131E4160AB00D51C09 /* Debug */ = {
			isa = XCBuildConfiguration;
			baseConfigurationReference = B147FC3647A2172EAEDD44B9 /* Pods-TodoApp.debug.xcconfig */;
			buildSettings = {
				ASSETCATALOG_COMPILER_APPICON_NAME = AppIcon;
				DEVELOPMENT_TEAM = 7TEBS3L99P;
				INFOPLIST_FILE = Week4A/Info.plist;
				LD_RUNPATH_SEARCH_PATHS = "$(inherited) @executable_path/Frameworks";
				PRODUCT_BUNDLE_IDENTIFIER = com.guilherme.Week4A;
				PRODUCT_NAME = "$(TARGET_NAME)";
				SWIFT_VERSION = 3.0;
			};
			name = Debug;
		};
		797784141E4160AB00D51C09 /* Release */ = {
			isa = XCBuildConfiguration;
			baseConfigurationReference = 2C7CF601E6CEAE1884A31C9D /* Pods-TodoApp.release.xcconfig */;
			buildSettings = {
				ASSETCATALOG_COMPILER_APPICON_NAME = AppIcon;
				DEVELOPMENT_TEAM = 7TEBS3L99P;
				INFOPLIST_FILE = Week4A/Info.plist;
				LD_RUNPATH_SEARCH_PATHS = "$(inherited) @executable_path/Frameworks";
				PRODUCT_BUNDLE_IDENTIFIER = com.guilherme.Week4A;
				PRODUCT_NAME = "$(TARGET_NAME)";
				SWIFT_VERSION = 3.0;
			};
			name = Release;
		};
/* End XCBuildConfiguration section */

/* Begin XCConfigurationList section */
		797783FB1E4160AA00D51C09 /* Build configuration list for PBXProject "TodoApp" */ = {
			isa = XCConfigurationList;
			buildConfigurations = (
				797784101E4160AB00D51C09 /* Debug */,
				797784111E4160AB00D51C09 /* Release */,
			);
			defaultConfigurationIsVisible = 0;
			defaultConfigurationName = Release;
		};
		797784121E4160AB00D51C09 /* Build configuration list for PBXNativeTarget "TodoApp" */ = {
			isa = XCConfigurationList;
			buildConfigurations = (
				797784131E4160AB00D51C09 /* Debug */,
				797784141E4160AB00D51C09 /* Release */,
			);
			defaultConfigurationIsVisible = 0;
			defaultConfigurationName = Release;
		};
/* End XCConfigurationList section */
	};
	rootObject = 797783F81E4160AA00D51C09 /* Project object */;
}
